
Microsoft Visual Studio Solution File, Format Version 12.00
# Visual Studio Version 16
VisualStudioVersion = 16.0.29123.89
MinimumVisualStudioVersion = 10.0.40219.1
Project("{FAE04EC0-301F-11D3-BF4B-00C04F79EFBC}") = "RTL433-exporter", "RTL433-exporter\RTL433-exporter.csproj", "{7FE2E9A3-48C6-42BD-860D-2EC4AF2852E7}"
EndProject
Global
	GlobalSection(SolutionConfigurationPlatforms) = preSolution
		Debug|Any CPU = Debug|Any CPU
		Release|Any CPU = Release|Any CPU
	EndGlobalSection
	GlobalSection(ProjectConfigurationPlatforms) = postSolution
		{7FE2E9A3-48C6-42BD-860D-2EC4AF2852E7}.Debug|Any CPU.ActiveCfg = Debug|Any CPU
		{7FE2E9A3-48C6-42BD-860D-2EC4AF2852E7}.Debug|Any CPU.Build.0 = Debug|Any CPU
		{7FE2E9A3-48C6-42BD-860D-2EC4AF2852E7}.Release|Any CPU.ActiveCfg = Release|Any CPU
		{7FE2E9A3-48C6-42BD-860D-2EC4AF2852E7}.Release|Any CPU.Build.0 = Release|Any CPU
	EndGlobalSection
	GlobalSection(SolutionProperties) = preSolution
		HideSolutionNode = FALSE
	EndGlobalSection
	GlobalSection(ExtensibilityGlobals) = postSolution
		SolutionGuid = {55EF54EB-81CD-4462-BA17-338F41FEECF9}
	EndGlobalSection
EndGlobal
